
Microsoft Visual Studio Solution File, Format Version 12.00
# Visual Studio 15
VisualStudioVersion = 15.0.27703.2047
MinimumVisualStudioVersion = 10.0.40219.1
Project("{8BC9CEB8-8B4A-11D0-8D11-00A0C91BC942}") = "SevenGame", "SevenGame\SevenGame.vcxproj", "{29BFD120-6357-47F7-9811-C56D54E6CDD4}"
EndProject
Global
	GlobalSection(SolutionConfigurationPlatforms) = preSolution
		Debug|Win32 = Debug|Win32
		Release|Win32 = Release|Win32
	EndGlobalSection
	GlobalSection(ProjectConfigurationPlatforms) = postSolution
		{29BFD120-6357-47F7-9811-C56D54E6CDD4}.Debug|Win32.ActiveCfg = Debug|Win32
		{29BFD120-6357-47F7-9811-C56D54E6CDD4}.Debug|Win32.Build.0 = Debug|Win32
		{29BFD120-6357-47F7-9811-C56D54E6CDD4}.Release|Win32.ActiveCfg = Release|Win32
		{29BFD120-6357-47F7-9811-C56D54E6CDD4}.Release|Win32.Build.0 = Release|Win32
	EndGlobalSection
	GlobalSection(SolutionProperties) = preSolution
		HideSolutionNode = FALSE
	EndGlobalSection
	GlobalSection(ExtensibilityGlobals) = postSolution
		SolutionGuid = {D7F4D3F6-5628-4A93-A7E4-C85E9D30C4A8}
	EndGlobalSection
EndGlobal
